
Microsoft Visual Studio Solution File, Format Version 12.00
# Visual Studio Version 17
VisualStudioVersion = 17.14.36408.4
MinimumVisualStudioVersion = 10.0.40219.1
Project("{FAE04EC0-301F-11D3-BF4B-00C04F79EFBC}") = "MusicManagementDemo.WebApi", "MusicManagementDemo.WebApi\MusicManagementDemo.WebApi.csproj", "{1166503B-753B-4F4D-8447-22F1631BF968}"
EndProject
Project("{2150E333-8FDC-42A3-9474-1A3956D46DE8}") = "SolutionItems", "SolutionItems", "{DABE292A-6A38-41D9-A9E4-80DA93458B0E}"
	ProjectSection(SolutionItems) = preProject
		.csharpierrc.yaml = .csharpierrc.yaml
		.gitignore = .gitignore
		README.md = README.md
		MusicManagementDemo.sln.DotSettings = MusicManagementDemo.sln.DotSettings
	EndProjectSection
EndProject
Project("{FAE04EC0-301F-11D3-BF4B-00C04F79EFBC}") = "MusicManagementDemo.Infrastructure", "MusicManagementDemo.Infrastructure\MusicManagementDemo.Infrastructure.csproj", "{21C50602-C156-449F-9C53-E2D658889CA4}"
EndProject
Project("{FAE04EC0-301F-11D3-BF4B-00C04F79EFBC}") = "MusicManagementDemo.Domain", "MusicManagementDemo.Domain\MusicManagementDemo.Domain.csproj", "{85A388AD-F06C-4561-9A71-9CBDF0AACC63}"
EndProject
Project("{FAE04EC0-301F-11D3-BF4B-00C04F79EFBC}") = "MusicManagementDemo.Application", "MusicManagementDemo.Application\MusicManagementDemo.Application.csproj", "{73B30323-B8F6-4E84-9B0B-B81865398101}"
EndProject
Project("{FAE04EC0-301F-11D3-BF4B-00C04F79EFBC}") = "MusicManagementDemo.Abstractions", "MusicManagementDemo.Abstractions\MusicManagementDemo.Abstractions.csproj", "{B3E3A842-853A-462A-B26B-B7862BC15759}"
EndProject
Project("{2150E333-8FDC-42A3-9474-1A3956D46DE8}") = "DeployScript", "DeployScript", "{02EA681E-C7D8-13C7-8484-4AC65E1B71E8}"
	ProjectSection(SolutionItems) = preProject
		migrations_command.txt = migrations_command.txt
	EndProjectSection
EndProject
Project("{2150E333-8FDC-42A3-9474-1A3956D46DE8}") = "Src", "Src", "{D73A0538-911E-45CD-8940-F78E6AB05514}"
EndProject
Project("{2150E333-8FDC-42A3-9474-1A3956D46DE8}") = "Functional_Testing", "Functional_Testing", "{1CB10A34-4797-4380-A5F1-1662EBF2FEBE}"
EndProject
Global
	GlobalSection(SolutionConfigurationPlatforms) = preSolution
		Debug|Any CPU = Debug|Any CPU
		Release|Any CPU = Release|Any CPU
	EndGlobalSection
	GlobalSection(ProjectConfigurationPlatforms) = postSolution
		{1166503B-753B-4F4D-8447-22F1631BF968}.Debug|Any CPU.ActiveCfg = Debug|Any CPU
		{1166503B-753B-4F4D-8447-22F1631BF968}.Debug|Any CPU.Build.0 = Debug|Any CPU
		{1166503B-753B-4F4D-8447-22F1631BF968}.Release|Any CPU.ActiveCfg = Release|Any CPU
		{1166503B-753B-4F4D-8447-22F1631BF968}.Release|Any CPU.Build.0 = Release|Any CPU
		{21C50602-C156-449F-9C53-E2D658889CA4}.Debug|Any CPU.ActiveCfg = Debug|Any CPU
		{21C50602-C156-449F-9C53-E2D658889CA4}.Debug|Any CPU.Build.0 = Debug|Any CPU
		{21C50602-C156-449F-9C53-E2D658889CA4}.Release|Any CPU.ActiveCfg = Release|Any CPU
		{21C50602-C156-449F-9C53-E2D658889CA4}.Release|Any CPU.Build.0 = Release|Any CPU
		{85A388AD-F06C-4561-9A71-9CBDF0AACC63}.Debug|Any CPU.ActiveCfg = Debug|Any CPU
		{85A388AD-F06C-4561-9A71-9CBDF0AACC63}.Debug|Any CPU.Build.0 = Debug|Any CPU
		{85A388AD-F06C-4561-9A71-9CBDF0AACC63}.Release|Any CPU.ActiveCfg = Release|Any CPU
		{85A388AD-F06C-4561-9A71-9CBDF0AACC63}.Release|Any CPU.Build.0 = Release|Any CPU
		{73B30323-B8F6-4E84-9B0B-B81865398101}.Debug|Any CPU.ActiveCfg = Debug|Any CPU
		{73B30323-B8F6-4E84-9B0B-B81865398101}.Debug|Any CPU.Build.0 = Debug|Any CPU
		{73B30323-B8F6-4E84-9B0B-B81865398101}.Release|Any CPU.ActiveCfg = Release|Any CPU
		{73B30323-B8F6-4E84-9B0B-B81865398101}.Release|Any CPU.Build.0 = Release|Any CPU
		{B3E3A842-853A-462A-B26B-B7862BC15759}.Debug|Any CPU.ActiveCfg = Debug|Any CPU
		{B3E3A842-853A-462A-B26B-B7862BC15759}.Debug|Any CPU.Build.0 = Debug|Any CPU
		{B3E3A842-853A-462A-B26B-B7862BC15759}.Release|Any CPU.ActiveCfg = Release|Any CPU
		{B3E3A842-853A-462A-B26B-B7862BC15759}.Release|Any CPU.Build.0 = Release|Any CPU
	EndGlobalSection
	GlobalSection(SolutionProperties) = preSolution
		HideSolutionNode = FALSE
	EndGlobalSection
	GlobalSection(ExtensibilityGlobals) = postSolution
		SolutionGuid = {D8DB2980-39F0-42FD-BF01-5ECDFB50E674}
	EndGlobalSection
	GlobalSection(NestedProjects) = preSolution
		{B3E3A842-853A-462A-B26B-B7862BC15759} = {D73A0538-911E-45CD-8940-F78E6AB05514}
		{73B30323-B8F6-4E84-9B0B-B81865398101} = {D73A0538-911E-45CD-8940-F78E6AB05514}
		{85A388AD-F06C-4561-9A71-9CBDF0AACC63} = {D73A0538-911E-45CD-8940-F78E6AB05514}
		{21C50602-C156-449F-9C53-E2D658889CA4} = {D73A0538-911E-45CD-8940-F78E6AB05514}
		{1166503B-753B-4F4D-8447-22F1631BF968} = {D73A0538-911E-45CD-8940-F78E6AB05514}
	EndGlobalSection
EndGlobal
