
Microsoft Visual Studio Solution File, Format Version 12.00
Project("{FAE04EC0-301F-11D3-BF4B-00C04F79EFBC}") = "MusicManagementDemo", "MusicManagementDemo\MusicManagementDemo.csproj", "{1166503B-753B-4F4D-8447-22F1631BF968}"
EndProject
Global
	GlobalSection(SolutionConfigurationPlatforms) = preSolution
		Debug|Any CPU = Debug|Any CPU
		Release|Any CPU = Release|Any CPU
	EndGlobalSection
	GlobalSection(ProjectConfigurationPlatforms) = postSolution
		{1166503B-753B-4F4D-8447-22F1631BF968}.Debug|Any CPU.ActiveCfg = Debug|Any CPU
		{1166503B-753B-4F4D-8447-22F1631BF968}.Debug|Any CPU.Build.0 = Debug|Any CPU
		{1166503B-753B-4F4D-8447-22F1631BF968}.Release|Any CPU.ActiveCfg = Release|Any CPU
		{1166503B-753B-4F4D-8447-22F1631BF968}.Release|Any CPU.Build.0 = Release|Any CPU
	EndGlobalSection
EndGlobal
